[{<<"eflame">>,
  {git,"https://github.com/slfritchie/eflame.git",
       {ref,"a08518142126f5fc541a3a3c4a04c27f24448bae"}},
  0},
 {<<"eper">>,
  {git,"https://github.com/massemanet/eper.git",
       {ref,"1742031e12fb9e6eac0ffacfc593d5a7849fc07f"}},
  0},
 {<<"goldrush">>,
  {git,"git://github.com/DeadZen/goldrush.git",
       {ref,"64864ba7fcf40988361340e48680b49a2c2938cf"}},
  1},
 {<<"lager">>,
  {git,"git://github.com/basho/lager",
       {ref,"cbf6679c6a693772fd1629c9cdc093e4c6c4ebf8"}},
  0},
 {<<"meck">>,
  {git,"git://github.com/eproxus/meck",
       {ref,"17b0ea5b7d9c93af3a52b5152c6bee14302b3885"}},
  0},
 {<<"sync">>,
  {git,"git://github.com/rustyio/sync.git",
       {ref,"11df81d196eaab2d84caa3fbe8def5d476ef79d8"}},
  0}].
